
Microsoft Visual Studio Solution File, Format Version 12.00
# Visual Studio Version 17
VisualStudioVersion = 17.3.32929.385
MinimumVisualStudioVersion = 10.0.40219.1
Project("{2150E333-8FDC-42A3-9474-1A3956D46DE8}") = "Solution Items", "Solution Items", "{DAE1BFAB-B4E7-43B6-8847-BDD3B4156203}"
	ProjectSection(SolutionItems) = preProject
		.editorconfig = .editorconfig
	EndProjectSection
EndProject
Project("{9A19103F-16F7-4668-BE54-9A1E7A4F7556}") = "xapt", "xapt.csproj", "{2F0CF6AB-2BE2-4F3F-AF37-AE91E808C3B8}"
EndProject
Global
	GlobalSection(SolutionConfigurationPlatforms) = preSolution
		Debug|Any CPU = Debug|Any CPU
		Release|Any CPU = Release|Any CPU
	EndGlobalSection
	GlobalSection(ProjectConfigurationPlatforms) = postSolution
		{2F0CF6AB-2BE2-4F3F-AF37-AE91E808C3B8}.Debug|Any CPU.ActiveCfg = Debug|Any CPU
		{2F0CF6AB-2BE2-4F3F-AF37-AE91E808C3B8}.Debug|Any CPU.Build.0 = Debug|Any CPU
		{2F0CF6AB-2BE2-4F3F-AF37-AE91E808C3B8}.Release|Any CPU.ActiveCfg = Release|Any CPU
		{2F0CF6AB-2BE2-4F3F-AF37-AE91E808C3B8}.Release|Any CPU.Build.0 = Release|Any CPU
	EndGlobalSection
	GlobalSection(SolutionProperties) = preSolution
		HideSolutionNode = FALSE
	EndGlobalSection
	GlobalSection(ExtensibilityGlobals) = postSolution
		SolutionGuid = {73781582-2ADB-4F86-9EB0-3DD945D56D0E}
	EndGlobalSection
EndGlobal
